
Microsoft Visual Studio Solution File, Format Version 12.00
# Visual Studio Version 17
VisualStudioVersion = 17.9.34616.47
MinimumVisualStudioVersion = 10.0.40219.1
Project("{FAE04EC0-301F-11D3-BF4B-00C04F79EFBC}") = "MediInsightHubAPI", "MediInsightHubAPI\MediInsightHubAPI.csproj", "{ECAC9A75-8179-4710-8D26-D6E495D3DF7A}"
EndProject
Global
	GlobalSection(SolutionConfigurationPlatforms) = preSolution
		Debug|Any CPU = Debug|Any CPU
		Release|Any CPU = Release|Any CPU
	EndGlobalSection
	GlobalSection(ProjectConfigurationPlatforms) = postSolution
		{ECAC9A75-8179-4710-8D26-D6E495D3DF7A}.Debug|Any CPU.ActiveCfg = Debug|Any CPU
		{ECAC9A75-8179-4710-8D26-D6E495D3DF7A}.Debug|Any CPU.Build.0 = Debug|Any CPU
		{ECAC9A75-8179-4710-8D26-D6E495D3DF7A}.Release|Any CPU.ActiveCfg = Release|Any CPU
		{ECAC9A75-8179-4710-8D26-D6E495D3DF7A}.Release|Any CPU.Build.0 = Release|Any CPU
	EndGlobalSection
	GlobalSection(SolutionProperties) = preSolution
		HideSolutionNode = FALSE
	EndGlobalSection
	GlobalSection(ExtensibilityGlobals) = postSolution
		SolutionGuid = {A4EA099B-F0F0-4092-8E54-91508BE41F20}
	EndGlobalSection
EndGlobal
